// !$*UTF8*$!
{
	archiveVersion = 1;
	classes = {
	};
	objectVersion = 56;
	objects = {

/* Begin PBXBuildFile section */
		1B0054522BB07D8F004697EE /* ControlPanel.swift in Sources */ = {isa = PBXBuildFile; fileRef = 1B0054512BB07D8E004697EE /* ControlPanel.swift */; };
		1B0573B92C126C8A003905D4 /* ToolbarView.swift in Sources */ = {isa = PBXBuildFile; fileRef = 1B0573B82C126C8A003905D4 /* ToolbarView.swift */; };
		1B11BFB72BA918B700E1DEB0 /* ModelManager.swift in Sources */ = {isa = PBXBuildFile; fileRef = 1B11BFB62BA918B700E1DEB0 /* ModelManager.swift */; };
		1B3F570E2B957BB700753CBB /* surgeryViewApp.swift in Sources */ = {isa = PBXBuildFile; fileRef = 1B3F570D2B957BB700753CBB /* surgeryViewApp.swift */; };
		1B3F57102B957BB700753CBB /* ContentView.swift in Sources */ = {isa = PBXBuildFile; fileRef = 1B3F570F2B957BB700753CBB /* ContentView.swift */; };
		1B3F57142B957BB900753CBB /* Assets.xcassets in Resources */ = {isa = PBXBuildFile; fileRef = 1B3F57132B957BB900753CBB /* Assets.xcassets */; };
		1B3F57172B957BB900753CBB /* Preview Assets.xcassets in Resources */ = {isa = PBXBuildFile; fileRef = 1B3F57162B957BB900753CBB /* Preview Assets.xcassets */; };
		1B7F9EC02BE70ED300D0CE52 /* surgeryViewTest.swift in Sources */ = {isa = PBXBuildFile; fileRef = 1B7F9EBF2BE70ED300D0CE52 /* surgeryViewTest.swift */; };
		1BA965522BE70B5F0019B819 /* OpenIGTLLink.swift in Sources */ = {isa = PBXBuildFile; fileRef = 1BA965302BE709BA0019B819 /* OpenIGTLLink.swift */; };
		1BA965532BE70B5F0019B819 /* Polydata.swift in Sources */ = {isa = PBXBuildFile; fileRef = 1BA965312BE709BA0019B819 /* Polydata.swift */; };
		1BA965542BE70B5F0019B819 /* Transform.swift in Sources */ = {isa = PBXBuildFile; fileRef = 1BA9652F2BE709BA0019B819 /* Transform.swift */; };
		1BA965552BE70B5F0019B819 /* IGTHeader.swift in Sources */ = {isa = PBXBuildFile; fileRef = 1BA9652E2BE709B90019B819 /* IGTHeader.swift */; };
		1BBF31322BFC3C0C007E63DE /* README.md in Resources */ = {isa = PBXBuildFile; fileRef = 1BBF31312BFC3C0C007E63DE /* README.md */; };
		1BF411962BBCE5330010CD1D /* Model_58_right_rib_11.usdz in Resources */ = {isa = PBXBuildFile; fileRef = 1BF411622BBCE5310010CD1D /* Model_58_right_rib_11.usdz */; };
		1BF411972BBCE5330010CD1D /* Model_59_right_rib_12.usdz in Resources */ = {isa = PBXBuildFile; fileRef = 1BF411632BBCE5310010CD1D /* Model_59_right_rib_12.usdz */; };
		1BF411982BBCE5330010CD1D /* Model_46_left_rib_8.usdz in Resources */ = {isa = PBXBuildFile; fileRef = 1BF411642BBCE5310010CD1D /* Model_46_left_rib_8.usdz */; };
		1BF411992BBCE5330010CD1D /* Model_45_left_rib_7.usdz in Resources */ = {isa = PBXBuildFile; fileRef = 1BF411652BBCE5310010CD1D /* Model_45_left_rib_7.usdz */; };
		1BF4119A2BBCE5330010CD1D /* Model_6_stomach.usdz in Resources */ = {isa = PBXBuildFile; fileRef = 1BF411662BBCE5310010CD1D /* Model_6_stomach.usdz */; };
		1BF4119B2BBCE5330010CD1D /* Model_48_left_rib_10.usdz in Resources */ = {isa = PBXBuildFile; fileRef = 1BF411672BBCE5310010CD1D /* Model_48_left_rib_10.usdz */; };
		1BF4119C2BBCE5330010CD1D /* Model_44_left_rib_6.usdz in Resources */ = {isa = PBXBuildFile; fileRef = 1BF411682BBCE5310010CD1D /* Model_44_left_rib_6.usdz */; };
		1BF4119D2BBCE5330010CD1D /* Model_3_left_kidney.usdz in Resources */ = {isa = PBXBuildFile; fileRef = 1BF411692BBCE5310010CD1D /* Model_3_left_kidney.usdz */; };
		1BF4119E2BBCE5330010CD1D /* Model_7_aorta.usdz in Resources */ = {isa = PBXBuildFile; fileRef = 1BF4116A2BBCE5310010CD1D /* Model_7_aorta.usdz */; };
		1BF4119F2BBCE5330010CD1D /* Model_64_right_hip.usdz in Resources */ = {isa = PBXBuildFile; fileRef = 1BF4116B2BBCE5310010CD1D /* Model_64_right_hip.usdz */; };
		1BF411A02BBCE5330010CD1D /* Model_9_Portal_vein_and_splenic_vein.usdz in Resources */ = {isa = PBXBuildFile; fileRef = 1BF4116C2BBCE5310010CD1D /* Model_9_Portal_vein_and_splenic_vein.usdz */; };
		1BF411A12BBCE5330010CD1D /* Model_2_right_kidney.usdz in Resources */ = {isa = PBXBuildFile; fileRef = 1BF4116D2BBCE5310010CD1D /* Model_2_right_kidney.usdz */; };
		1BF411A22BBCE5330010CD1D /* Model_19_L4_vertebra.usdz in Resources */ = {isa = PBXBuildFile; fileRef = 1BF4116E2BBCE5310010CD1D /* Model_19_L4_vertebra.usdz */; };
		1BF411A32BBCE5330010CD1D /* Model_1_spleen.usdz in Resources */ = {isa = PBXBuildFile; fileRef = 1BF4116F2BBCE5310010CD1D /* Model_1_spleen.usdz */; };
		1BF411A42BBCE5330010CD1D /* Model_42_left_rib_4.usdz in Resources */ = {isa = PBXBuildFile; fileRef = 1BF411702BBCE5310010CD1D /* Model_42_left_rib_4.usdz */; };
		1BF411A52BBCE5330010CD1D /* Model_65_Sacrum.usdz in Resources */ = {isa = PBXBuildFile; fileRef = 1BF411712BBCE5310010CD1D /* Model_65_Sacrum.usdz */; };
		1BF411A62BBCE5330010CD1D /* Model_43_left_rib_5.usdz in Resources */ = {isa = PBXBuildFile; fileRef = 1BF411722BBCE5310010CD1D /* Model_43_left_rib_5.usdz */; };
		1BF411A72BBCE5330010CD1D /* Model_25_T10_vertebra.usdz in Resources */ = {isa = PBXBuildFile; fileRef = 1BF411732BBCE5310010CD1D /* Model_25_T10_vertebra.usdz */; };
		1BF411A82BBCE5330010CD1D /* Model_17_inferior_lobe_of_right_lung.usdz in Resources */ = {isa = PBXBuildFile; fileRef = 1BF411742BBCE5310010CD1D /* Model_17_inferior_lobe_of_right_lung.usdz */; };
		1BF411A92BBCE5330010CD1D /* Model_55_right_rib_8.usdz in Resources */ = {isa = PBXBuildFile; fileRef = 1BF411752BBCE5310010CD1D /* Model_55_right_rib_8.usdz */; };
		1BF411AA2BBCE5330010CD1D /* Model_56_right_rib_9.usdz in Resources */ = {isa = PBXBuildFile; fileRef = 1BF411762BBCE5310010CD1D /* Model_56_right_rib_9.usdz */; };
		1BF411AB2BBCE5330010CD1D /* Model_28_T7_vertebra.usdz in Resources */ = {isa = PBXBuildFile; fileRef = 1BF411772BBCE5320010CD1D /* Model_28_T7_vertebra.usdz */; };
		1BF411AC2BBCE5330010CD1D /* Model_8_inferior_vena_cava.usdz in Resources */ = {isa = PBXBuildFile; fileRef = 1BF411782BBCE5320010CD1D /* Model_8_inferior_vena_cava.usdz */; };
		1BF411AD2BBCE5330010CD1D /* Model_47_left_rib_9.usdz in Resources */ = {isa = PBXBuildFile; fileRef = 1BF411792BBCE5320010CD1D /* Model_47_left_rib_9.usdz */; };
		1BF411AE2BBCE5330010CD1D /* Model_36_right_common_iliac_artery.usdz in Resources */ = {isa = PBXBuildFile; fileRef = 1BF4117A2BBCE5320010CD1D /* Model_36_right_common_iliac_artery.usdz */; };
		1BF411AF2BBCE5330010CD1D /* Model_24_T11_vertebra.usdz in Resources */ = {isa = PBXBuildFile; fileRef = 1BF4117B2BBCE5320010CD1D /* Model_24_T11_vertebra.usdz */; };
		1BF411B02BBCE5330010CD1D /* Model_16_middle_lobe_of_right_lung.usdz in Resources */ = {isa = PBXBuildFile; fileRef = 1BF4117C2BBCE5320010CD1D /* Model_16_middle_lobe_of_right_lung.usdz */; };
		1BF411B12BBCE5330010CD1D /* Model_38_right_common_iliac_vein.usdz in Resources */ = {isa = PBXBuildFile; fileRef = 1BF4117D2BBCE5320010CD1D /* Model_38_right_common_iliac_vein.usdz */; };
		1BF411B22BBCE5330010CD1D /* Model_54_right_rib_7.usdz in Resources */ = {isa = PBXBuildFile; fileRef = 1BF4117E2BBCE5320010CD1D /* Model_54_right_rib_7.usdz */; };
		1BF411B32BBCE5330010CD1D /* Model_21_L2_vertebra.usdz in Resources */ = {isa = PBXBuildFile; fileRef = 1BF4117F2BBCE5320010CD1D /* Model_21_L2_vertebra.usdz */; };
		1BF411B42BBCE5330010CD1D /* Model_50_left_rib_12.usdz in Resources */ = {isa = PBXBuildFile; fileRef = 1BF411802BBCE5320010CD1D /* Model_50_left_rib_12.usdz */; };
		1BF411B52BBCE5330010CD1D /* Model_49_left_rib_11.usdz in Resources */ = {isa = PBXBuildFile; fileRef = 1BF411812BBCE5320010CD1D /* Model_49_left_rib_11.usdz */; };
		1BF411B62BBCE5330010CD1D /* Model_20_L3_vertebra.usdz in Resources */ = {isa = PBXBuildFile; fileRef = 1BF411822BBCE5320010CD1D /* Model_20_L3_vertebra.usdz */; };
		1BF411B72BBCE5330010CD1D /* Model_14_inferior_lobe_of_left_lung.usdz in Resources */ = {isa = PBXBuildFile; fileRef = 1BF411832BBCE5320010CD1D /* Model_14_inferior_lobe_of_left_lung.usdz */; };
		1BF411B82BBCE5330010CD1D /* Model_52_right_rib_5.usdz in Resources */ = {isa = PBXBuildFile; fileRef = 1BF411842BBCE5320010CD1D /* Model_52_right_rib_5.usdz */; };
		1BF411B92BBCE5330010CD1D /* Model_27_T8_vertebra.usdz in Resources */ = {isa = PBXBuildFile; fileRef = 1BF411852BBCE5320010CD1D /* Model_27_T8_vertebra.usdz */; };
		1BF411BA2BBCE5330010CD1D /* Model_29_esophagus.usdz in Resources */ = {isa = PBXBuildFile; fileRef = 1BF411862BBCE5320010CD1D /* Model_29_esophagus.usdz */; };
		1BF411BB2BBCE5330010CD1D /* Model_15_superior_lobe_of_right_lung.usdz in Resources */ = {isa = PBXBuildFile; fileRef = 1BF411872BBCE5320010CD1D /* Model_15_superior_lobe_of_right_lung.usdz */; };
		1BF411BC2BBCE5330010CD1D /* Model_22_L1_vertebra.usdz in Resources */ = {isa = PBXBuildFile; fileRef = 1BF411882BBCE5320010CD1D /* Model_22_L1_vertebra.usdz */; };
		1BF411BD2BBCE5330010CD1D /* Model_5_liver.usdz in Resources */ = {isa = PBXBuildFile; fileRef = 1BF411892BBCE5320010CD1D /* Model_5_liver.usdz */; };
		1BF411BE2BBCE5330010CD1D /* Model_35_left_common_iliac_artery.usdz in Resources */ = {isa = PBXBuildFile; fileRef = 1BF4118A2BBCE5320010CD1D /* Model_35_left_common_iliac_artery.usdz */; };
		1BF411BF2BBCE5330010CD1D /* Model_53_right_rib_6.usdz in Resources */ = {isa = PBXBuildFile; fileRef = 1BF4118B2BBCE5320010CD1D /* Model_53_right_rib_6.usdz */; };
		1BF411C02BBCE5330010CD1D /* Model_37_left_common_iliac_vein.usdz in Resources */ = {isa = PBXBuildFile; fileRef = 1BF4118C2BBCE5320010CD1D /* Model_37_left_common_iliac_vein.usdz */; };
		1BF411C12BBCE5330010CD1D /* Model_51_right_rib_4.usdz in Resources */ = {isa = PBXBuildFile; fileRef = 1BF4118D2BBCE5320010CD1D /* Model_51_right_rib_4.usdz */; };
		1BF411C22BBCE5330010CD1D /* Model_57_right_rib_10.usdz in Resources */ = {isa = PBXBuildFile; fileRef = 1BF4118E2BBCE5320010CD1D /* Model_57_right_rib_10.usdz */; };
		1BF411C32BBCE5330010CD1D /* Model_10_pancreas.usdz in Resources */ = {isa = PBXBuildFile; fileRef = 1BF4118F2BBCE5320010CD1D /* Model_10_pancreas.usdz */; };
		1BF411C42BBCE5330010CD1D /* Model_4_gallbladder.usdz in Resources */ = {isa = PBXBuildFile; fileRef = 1BF411902BBCE5330010CD1D /* Model_4_gallbladder.usdz */; };
		1BF411C52BBCE5330010CD1D /* Model_13_superior_lobe_of_left_lung.usdz in Resources */ = {isa = PBXBuildFile; fileRef = 1BF411912BBCE5330010CD1D /* Model_13_superior_lobe_of_left_lung.usdz */; };
		1BF411C62BBCE5330010CD1D /* Model_23_T12_vertebra.usdz in Resources */ = {isa = PBXBuildFile; fileRef = 1BF411922BBCE5330010CD1D /* Model_23_T12_vertebra.usdz */; };
		1BF411C72BBCE5330010CD1D /* Model_26_T9_vertebra.usdz in Resources */ = {isa = PBXBuildFile; fileRef = 1BF411932BBCE5330010CD1D /* Model_26_T9_vertebra.usdz */; };
		1BF411C82BBCE5330010CD1D /* Model_18_L5_vertebra.usdz in Resources */ = {isa = PBXBuildFile; fileRef = 1BF411942BBCE5330010CD1D /* Model_18_L5_vertebra.usdz */; };
		1BF411C92BBCE5330010CD1D /* Model_63_left_hip.usdz in Resources */ = {isa = PBXBuildFile; fileRef = 1BF411952BBCE5330010CD1D /* Model_63_left_hip.usdz */; };
		B75C70512BEAB3300019A527 /* NoneMessage.swift in Sources */ = {isa = PBXBuildFile; fileRef = B75C70502BEAB3300019A527 /* NoneMessage.swift */; };
		B75C70542BFFC8710019A527 /* DataReader.swift in Sources */ = {isa = PBXBuildFile; fileRef = B75C70532BFFC8710019A527 /* DataReader.swift */; };
		B78206CF2C46FD6900E75B84 /* String.swift in Sources */ = {isa = PBXBuildFile; fileRef = B78206CE2C46FD6900E75B84 /* String.swift */; };
		B7B50D732BD1B0F9006733EF /* ModelData.swift in Sources */ = {isa = PBXBuildFile; fileRef = B7B50D722BD1B0F9006733EF /* ModelData.swift */; };
		B7D1ED7C2C18DC6C000473E7 /* Image.swift in Sources */ = {isa = PBXBuildFile; fileRef = B7D1ED7B2C18DC6C000473E7 /* Image.swift */; };
/* End PBXBuildFile section */

/* Begin PBXContainerItemProxy section */
		1B7F9EC12BE70ED300D0CE52 /* PBXContainerItemProxy */ = {
			isa = PBXContainerItemProxy;
			containerPortal = 1B3F56FE2B957BB700753CBB /* Project object */;
			proxyType = 1;
			remoteGlobalIDString = 1B3F57052B957BB700753CBB;
			remoteInfo = surgeryView;
		};
/* End PBXContainerItemProxy section */

/* Begin PBXCopyFilesBuildPhase section */
		1BA9651F2BE7093A0019B819 /* Embed Frameworks */ = {
			isa = PBXCopyFilesBuildPhase;
			buildActionMask = 2147483647;
			dstPath = "";
			dstSubfolderSpec = 10;
			files = (
			);
			name = "Embed Frameworks";
			runOnlyForDeploymentPostprocessing = 0;
		};
/* End PBXCopyFilesBuildPhase section */

/* Begin PBXFileReference section */
		1B0054512BB07D8E004697EE /* ControlPanel.swift */ = {isa = PBXFileReference; lastKnownFileType = sourcecode.swift; path = ControlPanel.swift; sourceTree = "<group>"; };
		1B0573B82C126C8A003905D4 /* ToolbarView.swift */ = {isa = PBXFileReference; lastKnownFileType = sourcecode.swift; path = ToolbarView.swift; sourceTree = "<group>"; };
		1B11BFB62BA918B700E1DEB0 /* ModelManager.swift */ = {isa = PBXFileReference; lastKnownFileType = sourcecode.swift; path = ModelManager.swift; sourceTree = "<group>"; };
		1B3F57062B957BB700753CBB /* surgeryView.app */ = {isa = PBXFileReference; explicitFileType = wrapper.application; includeInIndex = 0; path = surgeryView.app; sourceTree = BUILT_PRODUCTS_DIR; };
		1B3F570A2B957BB700753CBB /* RealityKitContent */ = {isa = PBXFileReference; lastKnownFileType = wrapper; path = RealityKitContent; sourceTree = "<group>"; };
		1B3F570D2B957BB700753CBB /* surgeryViewApp.swift */ = {isa = PBXFileReference; lastKnownFileType = sourcecode.swift; path = surgeryViewApp.swift; sourceTree = "<group>"; };
		1B3F570F2B957BB700753CBB /* ContentView.swift */ = {isa = PBXFileReference; lastKnownFileType = sourcecode.swift; path = ContentView.swift; sourceTree = "<group>"; };
		1B3F57132B957BB900753CBB /* Assets.xcassets */ = {isa = PBXFileReference; lastKnownFileType = folder.assetcatalog; path = Assets.xcassets; sourceTree = "<group>"; };
		1B3F57162B957BB900753CBB /* Preview Assets.xcassets */ = {isa = PBXFileReference; lastKnownFileType = folder.assetcatalog; path = "Preview Assets.xcassets"; sourceTree = "<group>"; };
		1B3F57182B957BB900753CBB /* Info.plist */ = {isa = PBXFileReference; lastKnownFileType = text.plist.xml; path = Info.plist; sourceTree = "<group>"; };
		1B7F9EBD2BE70ED300D0CE52 /* surgeryViewTest.xctest */ = {isa = PBXFileReference; explicitFileType = wrapper.cfbundle; includeInIndex = 0; path = surgeryViewTest.xctest; sourceTree = BUILT_PRODUCTS_DIR; };
		1B7F9EBF2BE70ED300D0CE52 /* surgeryViewTest.swift */ = {isa = PBXFileReference; lastKnownFileType = sourcecode.swift; path = surgeryViewTest.swift; sourceTree = "<group>"; };
		1BA9652E2BE709B90019B819 /* IGTHeader.swift */ = {isa = PBXFileReference; lastKnownFileType = sourcecode.swift; path = IGTHeader.swift; sourceTree = "<group>"; };
		1BA9652F2BE709BA0019B819 /* Transform.swift */ = {isa = PBXFileReference; lastKnownFileType = sourcecode.swift; path = Transform.swift; sourceTree = "<group>"; };
		1BA965302BE709BA0019B819 /* OpenIGTLLink.swift */ = {isa = PBXFileReference; lastKnownFileType = sourcecode.swift; path = OpenIGTLLink.swift; sourceTree = "<group>"; };
		1BA965312BE709BA0019B819 /* Polydata.swift */ = {isa = PBXFileReference; lastKnownFileType = sourcecode.swift; path = Polydata.swift; sourceTree = "<group>"; };
		1BBF31312BFC3C0C007E63DE /* README.md */ = {isa = PBXFileReference; fileEncoding = 4; lastKnownFileType = net.daringfireball.markdown; path = README.md; sourceTree = "<group>"; };
		1BF411622BBCE5310010CD1D /* Model_58_right_rib_11.usdz */ = {isa = PBXFileReference; lastKnownFileType = file.usdz; path = Model_58_right_rib_11.usdz; sourceTree = "<group>"; };
		1BF411632BBCE5310010CD1D /* Model_59_right_rib_12.usdz */ = {isa = PBXFileReference; lastKnownFileType = file.usdz; path = Model_59_right_rib_12.usdz; sourceTree = "<group>"; };
		1BF411642BBCE5310010CD1D /* Model_46_left_rib_8.usdz */ = {isa = PBXFileReference; lastKnownFileType = file.usdz; path = Model_46_left_rib_8.usdz; sourceTree = "<group>"; };
		1BF411652BBCE5310010CD1D /* Model_45_left_rib_7.usdz */ = {isa = PBXFileReference; lastKnownFileType = file.usdz; path = Model_45_left_rib_7.usdz; sourceTree = "<group>"; };
		1BF411662BBCE5310010CD1D /* Model_6_stomach.usdz */ = {isa = PBXFileReference; lastKnownFileType = file.usdz; path = Model_6_stomach.usdz; sourceTree = "<group>"; };
		1BF411672BBCE5310010CD1D /* Model_48_left_rib_10.usdz */ = {isa = PBXFileReference; lastKnownFileType = file.usdz; path = Model_48_left_rib_10.usdz; sourceTree = "<group>"; };
		1BF411682BBCE5310010CD1D /* Model_44_left_rib_6.usdz */ = {isa = PBXFileReference; lastKnownFileType = file.usdz; path = Model_44_left_rib_6.usdz; sourceTree = "<group>"; };
		1BF411692BBCE5310010CD1D /* Model_3_left_kidney.usdz */ = {isa = PBXFileReference; lastKnownFileType = file.usdz; path = Model_3_left_kidney.usdz; sourceTree = "<group>"; };
		1BF4116A2BBCE5310010CD1D /* Model_7_aorta.usdz */ = {isa = PBXFileReference; lastKnownFileType = file.usdz; path = Model_7_aorta.usdz; sourceTree = "<group>"; };
		1BF4116B2BBCE5310010CD1D /* Model_64_right_hip.usdz */ = {isa = PBXFileReference; lastKnownFileType = file.usdz; path = Model_64_right_hip.usdz; sourceTree = "<group>"; };
		1BF4116C2BBCE5310010CD1D /* Model_9_Portal_vein_and_splenic_vein.usdz */ = {isa = PBXFileReference; lastKnownFileType = file.usdz; path = Model_9_Portal_vein_and_splenic_vein.usdz; sourceTree = "<group>"; };
		1BF4116D2BBCE5310010CD1D /* Model_2_right_kidney.usdz */ = {isa = PBXFileReference; lastKnownFileType = file.usdz; path = Model_2_right_kidney.usdz; sourceTree = "<group>"; };
		1BF4116E2BBCE5310010CD1D /* Model_19_L4_vertebra.usdz */ = {isa = PBXFileReference; lastKnownFileType = file.usdz; path = Model_19_L4_vertebra.usdz; sourceTree = "<group>"; };
		1BF4116F2BBCE5310010CD1D /* Model_1_spleen.usdz */ = {isa = PBXFileReference; lastKnownFileType = file.usdz; path = Model_1_spleen.usdz; sourceTree = "<group>"; };
		1BF411702BBCE5310010CD1D /* Model_42_left_rib_4.usdz */ = {isa = PBXFileReference; lastKnownFileType = file.usdz; path = Model_42_left_rib_4.usdz; sourceTree = "<group>"; };
		1BF411712BBCE5310010CD1D /* Model_65_Sacrum.usdz */ = {isa = PBXFileReference; lastKnownFileType = file.usdz; path = Model_65_Sacrum.usdz; sourceTree = "<group>"; };
		1BF411722BBCE5310010CD1D /* Model_43_left_rib_5.usdz */ = {isa = PBXFileReference; lastKnownFileType = file.usdz; path = Model_43_left_rib_5.usdz; sourceTree = "<group>"; };
		1BF411732BBCE5310010CD1D /* Model_25_T10_vertebra.usdz */ = {isa = PBXFileReference; lastKnownFileType = file.usdz; path = Model_25_T10_vertebra.usdz; sourceTree = "<group>"; };
		1BF411742BBCE5310010CD1D /* Model_17_inferior_lobe_of_right_lung.usdz */ = {isa = PBXFileReference; lastKnownFileType = file.usdz; path = Model_17_inferior_lobe_of_right_lung.usdz; sourceTree = "<group>"; };
		1BF411752BBCE5310010CD1D /* Model_55_right_rib_8.usdz */ = {isa = PBXFileReference; lastKnownFileType = file.usdz; path = Model_55_right_rib_8.usdz; sourceTree = "<group>"; };
		1BF411762BBCE5310010CD1D /* Model_56_right_rib_9.usdz */ = {isa = PBXFileReference; lastKnownFileType = file.usdz; path = Model_56_right_rib_9.usdz; sourceTree = "<group>"; };
		1BF411772BBCE5320010CD1D /* Model_28_T7_vertebra.usdz */ = {isa = PBXFileReference; lastKnownFileType = file.usdz; path = Model_28_T7_vertebra.usdz; sourceTree = "<group>"; };
		1BF411782BBCE5320010CD1D /* Model_8_inferior_vena_cava.usdz */ = {isa = PBXFileReference; lastKnownFileType = file.usdz; path = Model_8_inferior_vena_cava.usdz; sourceTree = "<group>"; };
		1BF411792BBCE5320010CD1D /* Model_47_left_rib_9.usdz */ = {isa = PBXFileReference; lastKnownFileType = file.usdz; path = Model_47_left_rib_9.usdz; sourceTree = "<group>"; };
		1BF4117A2BBCE5320010CD1D /* Model_36_right_common_iliac_artery.usdz */ = {isa = PBXFileReference; lastKnownFileType = file.usdz; path = Model_36_right_common_iliac_artery.usdz; sourceTree = "<group>"; };
		1BF4117B2BBCE5320010CD1D /* Model_24_T11_vertebra.usdz */ = {isa = PBXFileReference; lastKnownFileType = file.usdz; path = Model_24_T11_vertebra.usdz; sourceTree = "<group>"; };
		1BF4117C2BBCE5320010CD1D /* Model_16_middle_lobe_of_right_lung.usdz */ = {isa = PBXFileReference; lastKnownFileType = file.usdz; path = Model_16_middle_lobe_of_right_lung.usdz; sourceTree = "<group>"; };
		1BF4117D2BBCE5320010CD1D /* Model_38_right_common_iliac_vein.usdz */ = {isa = PBXFileReference; lastKnownFileType = file.usdz; path = Model_38_right_common_iliac_vein.usdz; sourceTree = "<group>"; };
		1BF4117E2BBCE5320010CD1D /* Model_54_right_rib_7.usdz */ = {isa = PBXFileReference; lastKnownFileType = file.usdz; path = Model_54_right_rib_7.usdz; sourceTree = "<group>"; };
		1BF4117F2BBCE5320010CD1D /* Model_21_L2_vertebra.usdz */ = {isa = PBXFileReference; lastKnownFileType = file.usdz; path = Model_21_L2_vertebra.usdz; sourceTree = "<group>"; };
		1BF411802BBCE5320010CD1D /* Model_50_left_rib_12.usdz */ = {isa = PBXFileReference; lastKnownFileType = file.usdz; path = Model_50_left_rib_12.usdz; sourceTree = "<group>"; };
		1BF411812BBCE5320010CD1D /* Model_49_left_rib_11.usdz */ = {isa = PBXFileReference; lastKnownFileType = file.usdz; path = Model_49_left_rib_11.usdz; sourceTree = "<group>"; };
		1BF411822BBCE5320010CD1D /* Model_20_L3_vertebra.usdz */ = {isa = PBXFileReference; lastKnownFileType = file.usdz; path = Model_20_L3_vertebra.usdz; sourceTree = "<group>"; };
		1BF411832BBCE5320010CD1D /* Model_14_inferior_lobe_of_left_lung.usdz */ = {isa = PBXFileReference; lastKnownFileType = file.usdz; path = Model_14_inferior_lobe_of_left_lung.usdz; sourceTree = "<group>"; };
		1BF411842BBCE5320010CD1D /* Model_52_right_rib_5.usdz */ = {isa = PBXFileReference; lastKnownFileType = file.usdz; path = Model_52_right_rib_5.usdz; sourceTree = "<group>"; };
		1BF411852BBCE5320010CD1D /* Model_27_T8_vertebra.usdz */ = {isa = PBXFileReference; lastKnownFileType = file.usdz; path = Model_27_T8_vertebra.usdz; sourceTree = "<group>"; };
		1BF411862BBCE5320010CD1D /* Model_29_esophagus.usdz */ = {isa = PBXFileReference; lastKnownFileType = file.usdz; path = Model_29_esophagus.usdz; sourceTree = "<group>"; };
		1BF411872BBCE5320010CD1D /* Model_15_superior_lobe_of_right_lung.usdz */ = {isa = PBXFileReference; lastKnownFileType = file.usdz; path = Model_15_superior_lobe_of_right_lung.usdz; sourceTree = "<group>"; };
		1BF411882BBCE5320010CD1D /* Model_22_L1_vertebra.usdz */ = {isa = PBXFileReference; lastKnownFileType = file.usdz; path = Model_22_L1_vertebra.usdz; sourceTree = "<group>"; };
		1BF411892BBCE5320010CD1D /* Model_5_liver.usdz */ = {isa = PBXFileReference; lastKnownFileType = file.usdz; path = Model_5_liver.usdz; sourceTree = "<group>"; };
		1BF4118A2BBCE5320010CD1D /* Model_35_left_common_iliac_artery.usdz */ = {isa = PBXFileReference; lastKnownFileType = file.usdz; path = Model_35_left_common_iliac_artery.usdz; sourceTree = "<group>"; };
		1BF4118B2BBCE5320010CD1D /* Model_53_right_rib_6.usdz */ = {isa = PBXFileReference; lastKnownFileType = file.usdz; path = Model_53_right_rib_6.usdz; sourceTree = "<group>"; };
		1BF4118C2BBCE5320010CD1D /* Model_37_left_common_iliac_vein.usdz */ = {isa = PBXFileReference; lastKnownFileType = file.usdz; path = Model_37_left_common_iliac_vein.usdz; sourceTree = "<group>"; };
		1BF4118D2BBCE5320010CD1D /* Model_51_right_rib_4.usdz */ = {isa = PBXFileReference; lastKnownFileType = file.usdz; path = Model_51_right_rib_4.usdz; sourceTree = "<group>"; };
		1BF4118E2BBCE5320010CD1D /* Model_57_right_rib_10.usdz */ = {isa = PBXFileReference; lastKnownFileType = file.usdz; path = Model_57_right_rib_10.usdz; sourceTree = "<group>"; };
		1BF4118F2BBCE5320010CD1D /* Model_10_pancreas.usdz */ = {isa = PBXFileReference; lastKnownFileType = file.usdz; path = Model_10_pancreas.usdz; sourceTree = "<group>"; };
		1BF411902BBCE5330010CD1D /* Model_4_gallbladder.usdz */ = {isa = PBXFileReference; lastKnownFileType = file.usdz; path = Model_4_gallbladder.usdz; sourceTree = "<group>"; };
		1BF411912BBCE5330010CD1D /* Model_13_superior_lobe_of_left_lung.usdz */ = {isa = PBXFileReference; lastKnownFileType = file.usdz; path = Model_13_superior_lobe_of_left_lung.usdz; sourceTree = "<group>"; };
		1BF411922BBCE5330010CD1D /* Model_23_T12_vertebra.usdz */ = {isa = PBXFileReference; lastKnownFileType = file.usdz; path = Model_23_T12_vertebra.usdz; sourceTree = "<group>"; };
		1BF411932BBCE5330010CD1D /* Model_26_T9_vertebra.usdz */ = {isa = PBXFileReference; lastKnownFileType = file.usdz; path = Model_26_T9_vertebra.usdz; sourceTree = "<group>"; };
		1BF411942BBCE5330010CD1D /* Model_18_L5_vertebra.usdz */ = {isa = PBXFileReference; lastKnownFileType = file.usdz; path = Model_18_L5_vertebra.usdz; sourceTree = "<group>"; };
		1BF411952BBCE5330010CD1D /* Model_63_left_hip.usdz */ = {isa = PBXFileReference; lastKnownFileType = file.usdz; path = Model_63_left_hip.usdz; sourceTree = "<group>"; };
		B75C70502BEAB3300019A527 /* NoneMessage.swift */ = {isa = PBXFileReference; lastKnownFileType = sourcecode.swift; path = NoneMessage.swift; sourceTree = "<group>"; };
		B75C70532BFFC8710019A527 /* DataReader.swift */ = {isa = PBXFileReference; lastKnownFileType = sourcecode.swift; path = DataReader.swift; sourceTree = "<group>"; };
		B78206CE2C46FD6900E75B84 /* String.swift */ = {isa = PBXFileReference; lastKnownFileType = sourcecode.swift; path = String.swift; sourceTree = "<group>"; };
		B7B50D722BD1B0F9006733EF /* ModelData.swift */ = {isa = PBXFileReference; lastKnownFileType = sourcecode.swift; path = ModelData.swift; sourceTree = "<group>"; };
		B7D1ED7B2C18DC6C000473E7 /* Image.swift */ = {isa = PBXFileReference; lastKnownFileType = sourcecode.swift; path = Image.swift; sourceTree = "<group>"; };
/* End PBXFileReference section */

/* Begin PBXFrameworksBuildPhase section */
		1B3F57032B957BB700753CBB /* Frameworks */ = {
			isa = PBXFrameworksBuildPhase;
			buildActionMask = 2147483647;
			files = (
			);
			runOnlyForDeploymentPostprocessing = 0;
		};
		1B7F9EBA2BE70ED300D0CE52 /* Frameworks */ = {
			isa = PBXFrameworksBuildPhase;
			buildActionMask = 2147483647;
			files = (
			);
			runOnlyForDeploymentPostprocessing = 0;
		};
/* End PBXFrameworksBuildPhase section */

/* Begin PBXGroup section */
		1B3F56FD2B957BB700753CBB = {
			isa = PBXGroup;
			children = (
				1BBF31312BFC3C0C007E63DE /* README.md */,
				1B3F57082B957BB700753CBB /* surgeryView */,
				1B3F57092B957BB700753CBB /* Packages */,
				1B7F9EBE2BE70ED300D0CE52 /* surgeryViewTest */,
				1B3F57072B957BB700753CBB /* Products */,
			);
			sourceTree = "<group>";
		};
		1B3F57072B957BB700753CBB /* Products */ = {
			isa = PBXGroup;
			children = (
				1B3F57062B957BB700753CBB /* surgeryView.app */,
				1B7F9EBD2BE70ED300D0CE52 /* surgeryViewTest.xctest */,
			);
			name = Products;
			sourceTree = "<group>";
		};
		1B3F57082B957BB700753CBB /* surgeryView */ = {
			isa = PBXGroup;
			children = (
				1B6CEEC22BCDFDF1000E1162 /* sampleModels */,
				1B3F570D2B957BB700753CBB /* surgeryViewApp.swift */,
				B7B50D722BD1B0F9006733EF /* ModelData.swift */,
				1B3F570F2B957BB700753CBB /* ContentView.swift */,
				1B11BFB62BA918B700E1DEB0 /* ModelManager.swift */,
				1B0054512BB07D8E004697EE /* ControlPanel.swift */,
				1B0573B82C126C8A003905D4 /* ToolbarView.swift */,
				1BA965562BE70BEB0019B819 /* OpenIGTLink */,
				1B3F57132B957BB900753CBB /* Assets.xcassets */,
				1B3F57182B957BB900753CBB /* Info.plist */,
				1B3F57152B957BB900753CBB /* Preview Content */,
			);
			path = surgeryView;
			sourceTree = "<group>";
		};
		1B3F57092B957BB700753CBB /* Packages */ = {
			isa = PBXGroup;
			children = (
				1B3F570A2B957BB700753CBB /* RealityKitContent */,
			);
			path = Packages;
			sourceTree = "<group>";
		};
		1B3F57152B957BB900753CBB /* Preview Content */ = {
			isa = PBXGroup;
			children = (
				1B3F57162B957BB900753CBB /* Preview Assets.xcassets */,
			);
			path = "Preview Content";
			sourceTree = "<group>";
		};
		1B6CEEC22BCDFDF1000E1162 /* sampleModels */ = {
			isa = PBXGroup;
			children = (
				1BF4116F2BBCE5310010CD1D /* Model_1_spleen.usdz */,
				1BF4116D2BBCE5310010CD1D /* Model_2_right_kidney.usdz */,
				1BF411692BBCE5310010CD1D /* Model_3_left_kidney.usdz */,
				1BF411902BBCE5330010CD1D /* Model_4_gallbladder.usdz */,
				1BF411892BBCE5320010CD1D /* Model_5_liver.usdz */,
				1BF411662BBCE5310010CD1D /* Model_6_stomach.usdz */,
				1BF4116A2BBCE5310010CD1D /* Model_7_aorta.usdz */,
				1BF411782BBCE5320010CD1D /* Model_8_inferior_vena_cava.usdz */,
				1BF4116C2BBCE5310010CD1D /* Model_9_Portal_vein_and_splenic_vein.usdz */,
				1BF4118F2BBCE5320010CD1D /* Model_10_pancreas.usdz */,
				1BF411912BBCE5330010CD1D /* Model_13_superior_lobe_of_left_lung.usdz */,
				1BF411832BBCE5320010CD1D /* Model_14_inferior_lobe_of_left_lung.usdz */,
				1BF411872BBCE5320010CD1D /* Model_15_superior_lobe_of_right_lung.usdz */,
				1BF4117C2BBCE5320010CD1D /* Model_16_middle_lobe_of_right_lung.usdz */,
				1BF411742BBCE5310010CD1D /* Model_17_inferior_lobe_of_right_lung.usdz */,
				1BF411942BBCE5330010CD1D /* Model_18_L5_vertebra.usdz */,
				1BF4116E2BBCE5310010CD1D /* Model_19_L4_vertebra.usdz */,
				1BF411822BBCE5320010CD1D /* Model_20_L3_vertebra.usdz */,
				1BF4117F2BBCE5320010CD1D /* Model_21_L2_vertebra.usdz */,
				1BF411882BBCE5320010CD1D /* Model_22_L1_vertebra.usdz */,
				1BF411922BBCE5330010CD1D /* Model_23_T12_vertebra.usdz */,
				1BF4117B2BBCE5320010CD1D /* Model_24_T11_vertebra.usdz */,
				1BF411732BBCE5310010CD1D /* Model_25_T10_vertebra.usdz */,
				1BF411932BBCE5330010CD1D /* Model_26_T9_vertebra.usdz */,
				1BF411852BBCE5320010CD1D /* Model_27_T8_vertebra.usdz */,
				1BF411772BBCE5320010CD1D /* Model_28_T7_vertebra.usdz */,
				1BF411862BBCE5320010CD1D /* Model_29_esophagus.usdz */,
				1BF4118A2BBCE5320010CD1D /* Model_35_left_common_iliac_artery.usdz */,
				1BF4117A2BBCE5320010CD1D /* Model_36_right_common_iliac_artery.usdz */,
				1BF4118C2BBCE5320010CD1D /* Model_37_left_common_iliac_vein.usdz */,
				1BF4117D2BBCE5320010CD1D /* Model_38_right_common_iliac_vein.usdz */,
				1BF411702BBCE5310010CD1D /* Model_42_left_rib_4.usdz */,
				1BF411722BBCE5310010CD1D /* Model_43_left_rib_5.usdz */,
				1BF411682BBCE5310010CD1D /* Model_44_left_rib_6.usdz */,
				1BF411652BBCE5310010CD1D /* Model_45_left_rib_7.usdz */,
				1BF411642BBCE5310010CD1D /* Model_46_left_rib_8.usdz */,
				1BF411792BBCE5320010CD1D /* Model_47_left_rib_9.usdz */,
				1BF411672BBCE5310010CD1D /* Model_48_left_rib_10.usdz */,
				1BF411812BBCE5320010CD1D /* Model_49_left_rib_11.usdz */,
				1BF411802BBCE5320010CD1D /* Model_50_left_rib_12.usdz */,
				1BF4118D2BBCE5320010CD1D /* Model_51_right_rib_4.usdz */,
				1BF411842BBCE5320010CD1D /* Model_52_right_rib_5.usdz */,
				1BF4118B2BBCE5320010CD1D /* Model_53_right_rib_6.usdz */,
				1BF4117E2BBCE5320010CD1D /* Model_54_right_rib_7.usdz */,
				1BF411752BBCE5310010CD1D /* Model_55_right_rib_8.usdz */,
				1BF411762BBCE5310010CD1D /* Model_56_right_rib_9.usdz */,
				1BF4118E2BBCE5320010CD1D /* Model_57_right_rib_10.usdz */,
				1BF411622BBCE5310010CD1D /* Model_58_right_rib_11.usdz */,
				1BF411632BBCE5310010CD1D /* Model_59_right_rib_12.usdz */,
				1BF411952BBCE5330010CD1D /* Model_63_left_hip.usdz */,
				1BF4116B2BBCE5310010CD1D /* Model_64_right_hip.usdz */,
				1BF411712BBCE5310010CD1D /* Model_65_Sacrum.usdz */,
			);
			path = sampleModels;
			sourceTree = "<group>";
		};
		1B7F9EBE2BE70ED300D0CE52 /* surgeryViewTest */ = {
			isa = PBXGroup;
			children = (
				1B7F9EBF2BE70ED300D0CE52 /* surgeryViewTest.swift */,
			);
			path = surgeryViewTest;
			sourceTree = "<group>";
		};
		1BA965562BE70BEB0019B819 /* OpenIGTLink */ = {
			isa = PBXGroup;
			children = (
				1BA965302BE709BA0019B819 /* OpenIGTLLink.swift */,
				B75C70532BFFC8710019A527 /* DataReader.swift */,
				1BA9652E2BE709B90019B819 /* IGTHeader.swift */,
				B75C70502BEAB3300019A527 /* NoneMessage.swift */,
				1BA965312BE709BA0019B819 /* Polydata.swift */,
				B78206CE2C46FD6900E75B84 /* String.swift */,
				B7D1ED7B2C18DC6C000473E7 /* Image.swift */,
				1BA9652F2BE709BA0019B819 /* Transform.swift */,
			);
			path = OpenIGTLink;
			sourceTree = "<group>";
		};
/* End PBXGroup section */

/* Begin PBXNativeTarget section */
		1B3F57052B957BB700753CBB /* surgeryView */ = {
			isa = PBXNativeTarget;
			buildConfigurationList = 1B3F571B2B957BB900753CBB /* Build configuration list for PBXNativeTarget "surgeryView" */;
			buildPhases = (
				1B3F57022B957BB700753CBB /* Sources */,
				1B3F57032B957BB700753CBB /* Frameworks */,
				1B3F57042B957BB700753CBB /* Resources */,
				1BA9651F2BE7093A0019B819 /* Embed Frameworks */,
			);
			buildRules = (
			);
			dependencies = (
			);
			name = surgeryView;
			packageProductDependencies = (
			);
			productName = surgeryView;
			productReference = 1B3F57062B957BB700753CBB /* surgeryView.app */;
			productType = "com.apple.product-type.application";
		};
		1B7F9EBC2BE70ED300D0CE52 /* surgeryViewTest */ = {
			isa = PBXNativeTarget;
			buildConfigurationList = 1B7F9EC32BE70ED300D0CE52 /* Build configuration list for PBXNativeTarget "surgeryViewTest" */;
			buildPhases = (
				1B7F9EB92BE70ED300D0CE52 /* Sources */,
				1B7F9EBA2BE70ED300D0CE52 /* Frameworks */,
				1B7F9EBB2BE70ED300D0CE52 /* Resources */,
			);
			buildRules = (
			);
			dependencies = (
				1B7F9EC22BE70ED300D0CE52 /* PBXTargetDependency */,
			);
			name = surgeryViewTest;
			productName = surgeryViewTest;
			productReference = 1B7F9EBD2BE70ED300D0CE52 /* surgeryViewTest.xctest */;
			productType = "com.apple.product-type.bundle.unit-test";
		};
/* End PBXNativeTarget section */

/* Begin PBXProject section */
		1B3F56FE2B957BB700753CBB /* Project object */ = {
			isa = PBXProject;
			attributes = {
				BuildIndependentTargetsInParallel = 1;
				LastSwiftUpdateCheck = 1530;
				LastUpgradeCheck = 1520;
				TargetAttributes = {
					1B3F57052B957BB700753CBB = {
						CreatedOnToolsVersion = 15.2;
						LastSwiftMigration = 1530;
					};
					1B7F9EBC2BE70ED300D0CE52 = {
						CreatedOnToolsVersion = 15.3;
						TestTargetID = 1B3F57052B957BB700753CBB;
					};
				};
			};
			buildConfigurationList = 1B3F57012B957BB700753CBB /* Build configuration list for PBXProject "surgeryView" */;
			compatibilityVersion = "Xcode 14.0";
			developmentRegion = en;
			hasScannedForEncodings = 0;
			knownRegions = (
				en,
				Base,
			);
			mainGroup = 1B3F56FD2B957BB700753CBB;
			productRefGroup = 1B3F57072B957BB700753CBB /* Products */;
			projectDirPath = "";
			projectRoot = "";
			targets = (
				1B3F57052B957BB700753CBB /* surgeryView */,
				1B7F9EBC2BE70ED300D0CE52 /* surgeryViewTest */,
			);
		};
/* End PBXProject section */

/* Begin PBXResourcesBuildPhase section */
		1B3F57042B957BB700753CBB /* Resources */ = {
			isa = PBXResourcesBuildPhase;
			buildActionMask = 2147483647;
			files = (
				1BF411A02BBCE5330010CD1D /* Model_9_Portal_vein_and_splenic_vein.usdz in Resources */,
				1BF4119D2BBCE5330010CD1D /* Model_3_left_kidney.usdz in Resources */,
				1BF411BC2BBCE5330010CD1D /* Model_22_L1_vertebra.usdz in Resources */,
				1BF411AE2BBCE5330010CD1D /* Model_36_right_common_iliac_artery.usdz in Resources */,
				1BF411A22BBCE5330010CD1D /* Model_19_L4_vertebra.usdz in Resources */,
				1BF411B02BBCE5330010CD1D /* Model_16_middle_lobe_of_right_lung.usdz in Resources */,
				1BF411AB2BBCE5330010CD1D /* Model_28_T7_vertebra.usdz in Resources */,
				1BF411C72BBCE5330010CD1D /* Model_26_T9_vertebra.usdz in Resources */,
				1BF411AC2BBCE5330010CD1D /* Model_8_inferior_vena_cava.usdz in Resources */,
				1BF411A72BBCE5330010CD1D /* Model_25_T10_vertebra.usdz in Resources */,
				1BF411A62BBCE5330010CD1D /* Model_43_left_rib_5.usdz in Resources */,
				1BF411B52BBCE5330010CD1D /* Model_49_left_rib_11.usdz in Resources */,
				1BF411C02BBCE5330010CD1D /* Model_37_left_common_iliac_vein.usdz in Resources */,
				1BF411BF2BBCE5330010CD1D /* Model_53_right_rib_6.usdz in Resources */,
				1BF411A42BBCE5330010CD1D /* Model_42_left_rib_4.usdz in Resources */,
				1BF411962BBCE5330010CD1D /* Model_58_right_rib_11.usdz in Resources */,
				1BF411BE2BBCE5330010CD1D /* Model_35_left_common_iliac_artery.usdz in Resources */,
				1BF4119F2BBCE5330010CD1D /* Model_64_right_hip.usdz in Resources */,
				1BF411AF2BBCE5330010CD1D /* Model_24_T11_vertebra.usdz in Resources */,
				1B3F57172B957BB900753CBB /* Preview Assets.xcassets in Resources */,
				1BF411AA2BBCE5330010CD1D /* Model_56_right_rib_9.usdz in Resources */,
				1BF411C42BBCE5330010CD1D /* Model_4_gallbladder.usdz in Resources */,
				1BF411B62BBCE5330010CD1D /* Model_20_L3_vertebra.usdz in Resources */,
				1BF411B12BBCE5330010CD1D /* Model_38_right_common_iliac_vein.usdz in Resources */,
				1BF411B22BBCE5330010CD1D /* Model_54_right_rib_7.usdz in Resources */,
				1BF411C32BBCE5330010CD1D /* Model_10_pancreas.usdz in Resources */,
				1BF411C12BBCE5330010CD1D /* Model_51_right_rib_4.usdz in Resources */,
				1B3F57142B957BB900753CBB /* Assets.xcassets in Resources */,
				1BF411992BBCE5330010CD1D /* Model_45_left_rib_7.usdz in Resources */,
				1BF411A12BBCE5330010CD1D /* Model_2_right_kidney.usdz in Resources */,
				1BF411B82BBCE5330010CD1D /* Model_52_right_rib_5.usdz in Resources */,
				1BF411AD2BBCE5330010CD1D /* Model_47_left_rib_9.usdz in Resources */,
				1BF4119E2BBCE5330010CD1D /* Model_7_aorta.usdz in Resources */,
				1BF411BA2BBCE5330010CD1D /* Model_29_esophagus.usdz in Resources */,
				1BF411A52BBCE5330010CD1D /* Model_65_Sacrum.usdz in Resources */,
				1BF411B32BBCE5330010CD1D /* Model_21_L2_vertebra.usdz in Resources */,
				1BF411C82BBCE5330010CD1D /* Model_18_L5_vertebra.usdz in Resources */,
				1BF411B72BBCE5330010CD1D /* Model_14_inferior_lobe_of_left_lung.usdz in Resources */,
				1BF411C22BBCE5330010CD1D /* Model_57_right_rib_10.usdz in Resources */,
				1BF411BD2BBCE5330010CD1D /* Model_5_liver.usdz in Resources */,
				1BF411972BBCE5330010CD1D /* Model_59_right_rib_12.usdz in Resources */,
				1BF4119A2BBCE5330010CD1D /* Model_6_stomach.usdz in Resources */,
				1BBF31322BFC3C0C007E63DE /* README.md in Resources */,
				1BF411982BBCE5330010CD1D /* Model_46_left_rib_8.usdz in Resources */,
				1BF4119B2BBCE5330010CD1D /* Model_48_left_rib_10.usdz in Resources */,
				1BF411B42BBCE5330010CD1D /* Model_50_left_rib_12.usdz in Resources */,
				1BF411BB2BBCE5330010CD1D /* Model_15_superior_lobe_of_right_lung.usdz in Resources */,
				1BF411C52BBCE5330010CD1D /* Model_13_superior_lobe_of_left_lung.usdz in Resources */,
				1BF411C92BBCE5330010CD1D /* Model_63_left_hip.usdz in Resources */,
				1BF411A32BBCE5330010CD1D /* Model_1_spleen.usdz in Resources */,
				1BF411A92BBCE5330010CD1D /* Model_55_right_rib_8.usdz in Resources */,
				1BF411B92BBCE5330010CD1D /* Model_27_T8_vertebra.usdz in Resources */,
				1BF4119C2BBCE5330010CD1D /* Model_44_left_rib_6.usdz in Resources */,
				1BF411C62BBCE5330010CD1D /* Model_23_T12_vertebra.usdz in Resources */,
				1BF411A82BBCE5330010CD1D /* Model_17_inferior_lobe_of_right_lung.usdz in Resources */,
			);
			runOnlyForDeploymentPostprocessing = 0;
		};
		1B7F9EBB2BE70ED300D0CE52 /* Resources */ = {
			isa = PBXResourcesBuildPhase;
			buildActionMask = 2147483647;
			files = (
			);
			runOnlyForDeploymentPostprocessing = 0;
		};
/* End PBXResourcesBuildPhase section */

/* Begin PBXSourcesBuildPhase section */
		1B3F57022B957BB700753CBB /* Sources */ = {
			isa = PBXSourcesBuildPhase;
			buildActionMask = 2147483647;
			files = (
				1B3F57102B957BB700753CBB /* ContentView.swift in Sources */,
				1B0054522BB07D8F004697EE /* ControlPanel.swift in Sources */,
				1B0573B92C126C8A003905D4 /* ToolbarView.swift in Sources */,
				B7B50D732BD1B0F9006733EF /* ModelData.swift in Sources */,
				B75C70512BEAB3300019A527 /* NoneMessage.swift in Sources */,
				1B11BFB72BA918B700E1DEB0 /* ModelManager.swift in Sources */,
				1B3F570E2B957BB700753CBB /* surgeryViewApp.swift in Sources */,
				1BA965522BE70B5F0019B819 /* OpenIGTLLink.swift in Sources */,
				1BA965532BE70B5F0019B819 /* Polydata.swift in Sources */,
				B75C70542BFFC8710019A527 /* DataReader.swift in Sources */,
				B7D1ED7C2C18DC6C000473E7 /* Image.swift in Sources */,
				B78206CF2C46FD6900E75B84 /* String.swift in Sources */,
				1BA965542BE70B5F0019B819 /* Transform.swift in Sources */,
				1BA965552BE70B5F0019B819 /* IGTHeader.swift in Sources */,
			);
			runOnlyForDeploymentPostprocessing = 0;
		};
		1B7F9EB92BE70ED300D0CE52 /* Sources */ = {
			isa = PBXSourcesBuildPhase;
			buildActionMask = 2147483647;
			files = (
				1B7F9EC02BE70ED300D0CE52 /* surgeryViewTest.swift in Sources */,
			);
			runOnlyForDeploymentPostprocessing = 0;
		};
/* End PBXSourcesBuildPhase section */

/* Begin PBXTargetDependency section */
		1B7F9EC22BE70ED300D0CE52 /* PBXTargetDependency */ = {
			isa = PBXTargetDependency;
			target = 1B3F57052B957BB700753CBB /* surgeryView */;
			targetProxy = 1B7F9EC12BE70ED300D0CE52 /* PBXContainerItemProxy */;
		};
/* End PBXTargetDependency section */

/* Begin XCBuildConfiguration section */
		1B3F57192B957BB900753CBB /* Debug */ = {
			isa = XCBuildConfiguration;
			buildSettings = {
				ALWAYS_SEARCH_USER_PATHS = NO;
				ASSETCATALOG_COMPILER_GENERATE_SWIFT_ASSET_SYMBOL_EXTENSIONS = YES;
				CLANG_ANALYZER_NONNULL = YES;
				CLANG_ANALYZER_NUMBER_OBJECT_CONVERSION = YES_AGGRESSIVE;
				CLANG_CXX_LANGUAGE_STANDARD = "gnu++20";
				CLANG_ENABLE_MODULES = YES;
				CLANG_ENABLE_OBJC_ARC = YES;
				CLANG_ENABLE_OBJC_WEAK = YES;
				CLANG_WARN_BLOCK_CAPTURE_AUTORELEASING = YES;
				CLANG_WARN_BOOL_CONVERSION = YES;
				CLANG_WARN_COMMA = YES;
				CLANG_WARN_CONSTANT_CONVERSION = YES;
				CLANG_WARN_DEPRECATED_OBJC_IMPLEMENTATIONS = YES;
				CLANG_WARN_DIRECT_OBJC_ISA_USAGE = YES_ERROR;
				CLANG_WARN_DOCUMENTATION_COMMENTS = YES;
				CLANG_WARN_EMPTY_BODY = YES;
				CLANG_WARN_ENUM_CONVERSION = YES;
				CLANG_WARN_INFINITE_RECURSION = YES;
				CLANG_WARN_INT_CONVERSION = YES;
				CLANG_WARN_NON_LITERAL_NULL_CONVERSION = YES;
				CLANG_WARN_OBJC_IMPLICIT_RETAIN_SELF = YES;
				CLANG_WARN_OBJC_LITERAL_CONVERSION = YES;
				CLANG_WARN_OBJC_ROOT_CLASS = YES_ERROR;
				CLANG_WARN_QUOTED_INCLUDE_IN_FRAMEWORK_HEADER = YES;
				CLANG_WARN_RANGE_LOOP_ANALYSIS = YES;
				CLANG_WARN_STRICT_PROTOTYPES = YES;
				CLANG_WARN_SUSPICIOUS_MOVE = YES;
				CLANG_WARN_UNGUARDED_AVAILABILITY = YES_AGGRESSIVE;
				CLANG_WARN_UNREACHABLE_CODE = YES;
				CLANG_WARN__DUPLICATE_METHOD_MATCH = YES;
				COPY_PHASE_STRIP = NO;
				DEBUG_INFORMATION_FORMAT = dwarf;
				ENABLE_STRICT_OBJC_MSGSEND = YES;
				ENABLE_TESTABILITY = YES;
				ENABLE_USER_SCRIPT_SANDBOXING = YES;
				GCC_C_LANGUAGE_STANDARD = gnu17;
				GCC_DYNAMIC_NO_PIC = NO;
				GCC_NO_COMMON_BLOCKS = YES;
				GCC_OPTIMIZATION_LEVEL = 0;
				GCC_PREPROCESSOR_DEFINITIONS = (
					"DEBUG=1",
					"$(inherited)",
				);
				GCC_WARN_64_TO_32_BIT_CONVERSION = YES;
				GCC_WARN_ABOUT_RETURN_TYPE = YES_ERROR;
				GCC_WARN_UNDECLARED_SELECTOR = YES;
				GCC_WARN_UNINITIALIZED_AUTOS = YES_AGGRESSIVE;
				GCC_WARN_UNUSED_FUNCTION = YES;
				GCC_WARN_UNUSED_VARIABLE = YES;
				LOCALIZATION_PREFERS_STRING_CATALOGS = YES;
				MTL_ENABLE_DEBUG_INFO = INCLUDE_SOURCE;
				MTL_FAST_MATH = YES;
				ONLY_ACTIVE_ARCH = YES;
				SDKROOT = xros;
				SWIFT_ACTIVE_COMPILATION_CONDITIONS = "DEBUG $(inherited)";
				SWIFT_OPTIMIZATION_LEVEL = "-Onone";
				XROS_DEPLOYMENT_TARGET = 1.2;
			};
			name = Debug;
		};
		1B3F571A2B957BB900753CBB /* Release */ = {
			isa = XCBuildConfiguration;
			buildSettings = {
				ALWAYS_SEARCH_USER_PATHS = NO;
				ASSETCATALOG_COMPILER_GENERATE_SWIFT_ASSET_SYMBOL_EXTENSIONS = YES;
				CLANG_ANALYZER_NONNULL = YES;
				CLANG_ANALYZER_NUMBER_OBJECT_CONVERSION = YES_AGGRESSIVE;
				CLANG_CXX_LANGUAGE_STANDARD = "gnu++20";
				CLANG_ENABLE_MODULES = YES;
				CLANG_ENABLE_OBJC_ARC = YES;
				CLANG_ENABLE_OBJC_WEAK = YES;
				CLANG_WARN_BLOCK_CAPTURE_AUTORELEASING = YES;
				CLANG_WARN_BOOL_CONVERSION = YES;
				CLANG_WARN_COMMA = YES;
				CLANG_WARN_CONSTANT_CONVERSION = YES;
				CLANG_WARN_DEPRECATED_OBJC_IMPLEMENTATIONS = YES;
				CLANG_WARN_DIRECT_OBJC_ISA_USAGE = YES_ERROR;
				CLANG_WARN_DOCUMENTATION_COMMENTS = YES;
				CLANG_WARN_EMPTY_BODY = YES;
				CLANG_WARN_ENUM_CONVERSION = YES;
				CLANG_WARN_INFINITE_RECURSION = YES;
				CLANG_WARN_INT_CONVERSION = YES;
				CLANG_WARN_NON_LITERAL_NULL_CONVERSION = YES;
				CLANG_WARN_OBJC_IMPLICIT_RETAIN_SELF = YES;
				CLANG_WARN_OBJC_LITERAL_CONVERSION = YES;
				CLANG_WARN_OBJC_ROOT_CLASS = YES_ERROR;
				CLANG_WARN_QUOTED_INCLUDE_IN_FRAMEWORK_HEADER = YES;
				CLANG_WARN_RANGE_LOOP_ANALYSIS = YES;
				CLANG_WARN_STRICT_PROTOTYPES = YES;
				CLANG_WARN_SUSPICIOUS_MOVE = YES;
				CLANG_WARN_UNGUARDED_AVAILABILITY = YES_AGGRESSIVE;
				CLANG_WARN_UNREACHABLE_CODE = YES;
				CLANG_WARN__DUPLICATE_METHOD_MATCH = YES;
				COPY_PHASE_STRIP = NO;
				DEBUG_INFORMATION_FORMAT = "dwarf-with-dsym";
				ENABLE_NS_ASSERTIONS = NO;
				ENABLE_STRICT_OBJC_MSGSEND = YES;
				ENABLE_USER_SCRIPT_SANDBOXING = YES;
				GCC_C_LANGUAGE_STANDARD = gnu17;
				GCC_NO_COMMON_BLOCKS = YES;
				GCC_WARN_64_TO_32_BIT_CONVERSION = YES;
				GCC_WARN_ABOUT_RETURN_TYPE = YES_ERROR;
				GCC_WARN_UNDECLARED_SELECTOR = YES;
				GCC_WARN_UNINITIALIZED_AUTOS = YES_AGGRESSIVE;
				GCC_WARN_UNUSED_FUNCTION = YES;
				GCC_WARN_UNUSED_VARIABLE = YES;
				LOCALIZATION_PREFERS_STRING_CATALOGS = YES;
				MTL_ENABLE_DEBUG_INFO = NO;
				MTL_FAST_MATH = YES;
				SDKROOT = xros;
				SWIFT_COMPILATION_MODE = wholemodule;
				VALIDATE_PRODUCT = YES;
				XROS_DEPLOYMENT_TARGET = 1.2;
			};
			name = Release;
		};
		1B3F571C2B957BB900753CBB /* Debug */ = {
			isa = XCBuildConfiguration;
			buildSettings = {
				ASSETCATALOG_COMPILER_APPICON_NAME = AppIcon;
				ASSETCATALOG_COMPILER_GLOBAL_ACCENT_COLOR_NAME = AccentColor;
				CLANG_ENABLE_MODULES = YES;
				CODE_SIGN_STYLE = Automatic;
				CURRENT_PROJECT_VERSION = 1;
				DEVELOPMENT_ASSET_PATHS = "\"surgeryView/Preview Content\"";
				DEVELOPMENT_TEAM = 68NKG8SS32;
				ENABLE_PREVIEWS = YES;
				GENERATE_INFOPLIST_FILE = YES;
				INFOPLIST_FILE = "$(TARGET_NAME)/Info.plist";
				LD_RUNPATH_SEARCH_PATHS = (
					"$(inherited)",
					"@executable_path/Frameworks",
				);
				MARKETING_VERSION = 1.0;
				PRODUCT_BUNDLE_IDENTIFIER = "net.tonyzhang.surgeryView-";
				PRODUCT_NAME = "$(TARGET_NAME)";
				SUPPORTED_PLATFORMS = "xros xrsimulator";
				SWIFT_EMIT_LOC_STRINGS = YES;
				SWIFT_OPTIMIZATION_LEVEL = "-Onone";
				SWIFT_VERSION = 5.0;
				TARGETED_DEVICE_FAMILY = "1,2,7";
				XROS_DEPLOYMENT_TARGET = 2.0;
			};
			name = Debug;
		};
		1B3F571D2B957BB900753CBB /* Release */ = {
			isa = XCBuildConfiguration;
			buildSettings = {
				ASSETCATALOG_COMPILER_APPICON_NAME = AppIcon;
				ASSETCATALOG_COMPILER_GLOBAL_ACCENT_COLOR_NAME = AccentColor;
				CLANG_ENABLE_MODULES = YES;
				CODE_SIGN_STYLE = Automatic;
				CURRENT_PROJECT_VERSION = 1;
				DEVELOPMENT_ASSET_PATHS = "\"surgeryView/Preview Content\"";
				DEVELOPMENT_TEAM = 68NKG8SS32;
				ENABLE_PREVIEWS = YES;
				GENERATE_INFOPLIST_FILE = YES;
				INFOPLIST_FILE = "$(TARGET_NAME)/Info.plist";
				LD_RUNPATH_SEARCH_PATHS = (
					"$(inherited)",
					"@executable_path/Frameworks",
				);
				MARKETING_VERSION = 1.0;
				PRODUCT_BUNDLE_IDENTIFIER = "net.tonyzhang.surgeryView-";
				PRODUCT_NAME = "$(TARGET_NAME)";
				SUPPORTED_PLATFORMS = "xros xrsimulator";
				SWIFT_EMIT_LOC_STRINGS = YES;
				SWIFT_VERSION = 5.0;
				TARGETED_DEVICE_FAMILY = "1,2,7";
				XROS_DEPLOYMENT_TARGET = 2.0;
			};
			name = Release;
		};
		1B7F9EC42BE70ED300D0CE52 /* Debug */ = {
			isa = XCBuildConfiguration;
			buildSettings = {
				BUNDLE_LOADER = "$(TEST_HOST)";
				CODE_SIGN_STYLE = Automatic;
				CURRENT_PROJECT_VERSION = 1;
				DEVELOPMENT_TEAM = 68NKG8SS32;
				GENERATE_INFOPLIST_FILE = YES;
				MARKETING_VERSION = 1.0;
				PRODUCT_BUNDLE_IDENTIFIER = net.tonyzhang.surgeryViewTest;
				PRODUCT_NAME = "$(TARGET_NAME)";
				SUPPORTED_PLATFORMS = "xros xrsimulator";
				SWIFT_EMIT_LOC_STRINGS = NO;
				SWIFT_VERSION = 5.0;
				TARGETED_DEVICE_FAMILY = "1,2,7";
				TEST_HOST = "$(BUILT_PRODUCTS_DIR)/surgeryView.app/$(BUNDLE_EXECUTABLE_FOLDER_PATH)/surgeryView";
				XROS_DEPLOYMENT_TARGET = 1.1;
			};
			name = Debug;
		};
		1B7F9EC52BE70ED300D0CE52 /* Release */ = {
			isa = XCBuildConfiguration;
			buildSettings = {
				BUNDLE_LOADER = "$(TEST_HOST)";
				CODE_SIGN_STYLE = Automatic;
				CURRENT_PROJECT_VERSION = 1;
				DEVELOPMENT_TEAM = 68NKG8SS32;
				GENERATE_INFOPLIST_FILE = YES;
				MARKETING_VERSION = 1.0;
				PRODUCT_BUNDLE_IDENTIFIER = net.tonyzhang.surgeryViewTest;
				PRODUCT_NAME = "$(TARGET_NAME)";
				SUPPORTED_PLATFORMS = "xros xrsimulator";
				SWIFT_EMIT_LOC_STRINGS = NO;
				SWIFT_VERSION = 5.0;
				TARGETED_DEVICE_FAMILY = "1,2,7";
				TEST_HOST = "$(BUILT_PRODUCTS_DIR)/surgeryView.app/$(BUNDLE_EXECUTABLE_FOLDER_PATH)/surgeryView";
				XROS_DEPLOYMENT_TARGET = 1.1;
			};
			name = Release;
		};
/* End XCBuildConfiguration section */

/* Begin XCConfigurationList section */
		1B3F57012B957BB700753CBB /* Build configuration list for PBXProject "surgeryView" */ = {
			isa = XCConfigurationList;
			buildConfigurations = (
				1B3F57192B957BB900753CBB /* Debug */,
				1B3F571A2B957BB900753CBB /* Release */,
			);
			defaultConfigurationIsVisible = 0;
			defaultConfigurationName = Release;
		};
		1B3F571B2B957BB900753CBB /* Build configuration list for PBXNativeTarget "surgeryView" */ = {
			isa = XCConfigurationList;
			buildConfigurations = (
				1B3F571C2B957BB900753CBB /* Debug */,
				1B3F571D2B957BB900753CBB /* Release */,
			);
			defaultConfigurationIsVisible = 0;
			defaultConfigurationName = Release;
		};
		1B7F9EC32BE70ED300D0CE52 /* Build configuration list for PBXNativeTarget "surgeryViewTest" */ = {
			isa = XCConfigurationList;
			buildConfigurations = (
				1B7F9EC42BE70ED300D0CE52 /* Debug */,
				1B7F9EC52BE70ED300D0CE52 /* Release */,
			);
			defaultConfigurationIsVisible = 0;
			defaultConfigurationName = Release;
		};
/* End XCConfigurationList section */
	};
	rootObject = 1B3F56FE2B957BB700753CBB /* Project object */;
}
